
Microsoft Visual Studio Solution File, Format Version 12.00
# Visual Studio Version 17
VisualStudioVersion = 17.1.32328.378
MinimumVisualStudioVersion = 10.0.40219.1
Project("{FAE04EC0-301F-11D3-BF4B-00C04F79EFBC}") = "AppGrupal", "AppGrupal\AppGrupal.csproj", "{81FE03A2-3AB1-44E9-9D2F-69F1FF0ED712}"
EndProject
Global
	GlobalSection(SolutionConfigurationPlatforms) = preSolution
		Debug|Any CPU = Debug|Any CPU
		Release|Any CPU = Release|Any CPU
	EndGlobalSection
	GlobalSection(ProjectConfigurationPlatforms) = postSolution
		{81FE03A2-3AB1-44E9-9D2F-69F1FF0ED712}.Debug|Any CPU.ActiveCfg = Debug|Any CPU
		{81FE03A2-3AB1-44E9-9D2F-69F1FF0ED712}.Debug|Any CPU.Build.0 = Debug|Any CPU
		{81FE03A2-3AB1-44E9-9D2F-69F1FF0ED712}.Release|Any CPU.ActiveCfg = Release|Any CPU
		{81FE03A2-3AB1-44E9-9D2F-69F1FF0ED712}.Release|Any CPU.Build.0 = Release|Any CPU
	EndGlobalSection
	GlobalSection(SolutionProperties) = preSolution
		HideSolutionNode = FALSE
	EndGlobalSection
	GlobalSection(ExtensibilityGlobals) = postSolution
		SolutionGuid = {B6FF28D6-DC82-40DF-955D-4FCB22FCD64E}
	EndGlobalSection
EndGlobal
